
Microsoft Visual Studio Solution File, Format Version 12.00
# Visual Studio Version 17
VisualStudioVersion = 17.1.32407.343
MinimumVisualStudioVersion = 10.0.40219.1
Project("{FAE04EC0-301F-11D3-BF4B-00C04F79EFBC}") = "ConsoleApp1", "ConsoleApp1.csproj", "{C317FBCC-30BB-4C85-A78B-E3B53F4A1ECD}"
EndProject
Global
	GlobalSection(SolutionConfigurationPlatforms) = preSolution
		Debug|Any CPU = Debug|Any CPU
		Release|Any CPU = Release|Any CPU
	EndGlobalSection
	GlobalSection(ProjectConfigurationPlatforms) = postSolution
		{C317FBCC-30BB-4C85-A78B-E3B53F4A1ECD}.Debug|Any CPU.ActiveCfg = Debug|Any CPU
		{C317FBCC-30BB-4C85-A78B-E3B53F4A1ECD}.Debug|Any CPU.Build.0 = Debug|Any CPU
		{C317FBCC-30BB-4C85-A78B-E3B53F4A1ECD}.Release|Any CPU.ActiveCfg = Release|Any CPU
		{C317FBCC-30BB-4C85-A78B-E3B53F4A1ECD}.Release|Any CPU.Build.0 = Release|Any CPU
	EndGlobalSection
	GlobalSection(SolutionProperties) = preSolution
		HideSolutionNode = FALSE
	EndGlobalSection
	GlobalSection(ExtensibilityGlobals) = postSolution
		SolutionGuid = {092DF486-1F8A-4B94-BA62-796D9356E3D5}
	EndGlobalSection
EndGlobal
